
Microsoft Visual Studio Solution File, Format Version 12.00
# Visual Studio Version 17
VisualStudioVersion = 17.8.34316.72
MinimumVisualStudioVersion = 10.0.40219.1
Project("{FAE04EC0-301F-11D3-BF4B-00C04F79EFBC}") = "TodoApi", "TodoApi\TodoApi.csproj", "{1FE3958D-6F39-45D6-97EF-FC1E754CE6EF}"
EndProject
Global
	GlobalSection(SolutionConfigurationPlatforms) = preSolution
		Debug|Any CPU = Debug|Any CPU
		Release|Any CPU = Release|Any CPU
	EndGlobalSection
	GlobalSection(ProjectConfigurationPlatforms) = postSolution
		{1FE3958D-6F39-45D6-97EF-FC1E754CE6EF}.Debug|Any CPU.ActiveCfg = Debug|Any CPU
		{1FE3958D-6F39-45D6-97EF-FC1E754CE6EF}.Debug|Any CPU.Build.0 = Debug|Any CPU
		{1FE3958D-6F39-45D6-97EF-FC1E754CE6EF}.Release|Any CPU.ActiveCfg = Release|Any CPU
		{1FE3958D-6F39-45D6-97EF-FC1E754CE6EF}.Release|Any CPU.Build.0 = Release|Any CPU
	EndGlobalSection
	GlobalSection(SolutionProperties) = preSolution
		HideSolutionNode = FALSE
	EndGlobalSection
	GlobalSection(ExtensibilityGlobals) = postSolution
		SolutionGuid = {E0E0F433-BB7D-4D63-8FA7-CA5026736507}
	EndGlobalSection
EndGlobal
